packages:
  - name: fivetran_log
    package: fivetran/fivetran_log
    version: 2.5.0
  - name: dbt_utils
    package: dbt-labs/dbt_utils
    version: 1.3.2
  - name: fivetran_utils
    package: fivetran/fivetran_utils
    version: 0.4.11
  - name: spark_utils
    package: dbt-labs/spark_utils
    version: 0.3.2
sha1_hash: 668c02a259622acaab290312a8760be8a57459df
